
Microsoft Visual Studio Solution File, Format Version 12.00
# Visual Studio Version 16
VisualStudioVersion = 16.0.29613.14
MinimumVisualStudioVersion = 10.0.40219.1
Project("{8BC9CEB8-8B4A-11D0-8D11-00A0C91BC942}") = "01_setup", "01_setup\01_setup.vcxproj", "{B43CAB0C-6A18-4254-887A-BA9388800BA3}"
EndProject
Project("{8BC9CEB8-8B4A-11D0-8D11-00A0C91BC942}") = "01_hello_window", "01_hello_window\01_hello_window.vcxproj", "{F9BBB096-682D-41E0-801C-EB012242AD9F}"
EndProject
Project("{8BC9CEB8-8B4A-11D0-8D11-00A0C91BC942}") = "02_hellotriangle", "02_hello_triangle\02_hellotriangle.vcxproj", "{E658188F-080B-49C3-BAEB-E2B475AF0AA8}"
EndProject
Project("{8BC9CEB8-8B4A-11D0-8D11-00A0C91BC942}") = "02_hellotriangle_indexed", "02_hello_triangle\02_hellotriangle_indexed.vcxproj", "{E8AD5C1D-BA16-4953-BDF9-565F66FA4100}"
EndProject
Project("{8BC9CEB8-8B4A-11D0-8D11-00A0C91BC942}") = "02_hellotriangle_interleaved", "02_hello_triangle\02_hellotriangle_interleaved.vcxproj", "{1D3962EF-7E8E-4C48-9604-178D7C95BBB3}"
EndProject
Project("{8BC9CEB8-8B4A-11D0-8D11-00A0C91BC942}") = "02_hellotriangle_two_buffers", "02_hello_triangle\02_hellotriangle_two_buffers.vcxproj", "{F8060243-4C3E-4C0B-B211-BFD4B48A3B29}"
EndProject
Project("{8BC9CEB8-8B4A-11D0-8D11-00A0C91BC942}") = "02_shaders_uniforms", "02_shaders_uniform\02_shaders_uniforms.vcxproj", "{DCF67FD4-5E90-4369-BBB9-07DC3DED669C}"
EndProject
Project("{8BC9CEB8-8B4A-11D0-8D11-00A0C91BC942}") = "00_exercicios_01_-_02", "00_exercicios_01_-_02\00_exercicios_01_-_02.vcxproj", "{D155478F-574E-4F30-9F4A-3D8686B90785}"
EndProject
Project("{8BC9CEB8-8B4A-11D0-8D11-00A0C91BC942}") = "00_exercicios_01_-_03", "00_exercicios_01_-_03\00_exercicios_01_-_03.vcxproj", "{B03D24B6-8CD7-46D0-84AE-C80856DB3ADB}"
EndProject
Project("{8BC9CEB8-8B4A-11D0-8D11-00A0C91BC942}") = "00_exercicios_01_-_04", "00_exercicios_01_-_04\00_exercicios_01_-_04.vcxproj", "{0AD0E7F8-54D9-4C13-9645-485A02A53FC5}"
EndProject
Project("{8BC9CEB8-8B4A-11D0-8D11-00A0C91BC942}") = "03_2D_transform_model", "03_2D_transform_model\03_2D_transform_model.vcxproj", "{3E81D1A2-7C7A-4836-BA6C-1A03515D1779}"
EndProject
Project("{8BC9CEB8-8B4A-11D0-8D11-00A0C91BC942}") = "03_3D_transform_mvp", "03_2D_transform_mvp\03_2D_transform_mvp.vcxproj", "{F87B4A8D-307E-4A13-A5BD-9D092F776D12}"
EndProject
Project("{8BC9CEB8-8B4A-11D0-8D11-00A0C91BC942}") = "04_1_3D_transform_mvp_model", "04_1_3D_transform_mvp_model\04_1_3D_transform_mvp_model.vcxproj", "{20CEFCCA-B8F8-4992-A35B-5ED253CB93AF}"
EndProject
Project("{8BC9CEB8-8B4A-11D0-8D11-00A0C91BC942}") = "04_2_3D_transform_mvp_camera", "04_2_3D_transform_mvp_camera\04_2_3D_transform_mvp_camera.vcxproj", "{1FFA3392-4100-4BF8-BB4F-1AA79AAB85E4}"
EndProject
Project("{8BC9CEB8-8B4A-11D0-8D11-00A0C91BC942}") = "04_3_3D_camera_mvp_lookat", "04_3_3D_camera_mvp_lookat\04_3_3D_camera_mvp_lookat.vcxproj", "{5551ECFF-5280-4C1D-88F1-81F87197F502}"
EndProject
Project("{8BC9CEB8-8B4A-11D0-8D11-00A0C91BC942}") = "00_exercicios_02_-_02", "00_exercicios_02_-_02\00_exercicios_02_-_02.vcxproj", "{A0C66AE0-82EA-4925-8242-6CE8FC1B1BFB}"
EndProject
Project("{8BC9CEB8-8B4A-11D0-8D11-00A0C91BC942}") = "00_exercicios_02_-_03", "00_exercicios_02_-_03\00_exercicios_02_-_03.vcxproj", "{CDB7E3E7-3553-497B-9BAA-89C5A8C80089}"
EndProject
Project("{8BC9CEB8-8B4A-11D0-8D11-00A0C91BC942}") = "00_exercicios_02_-_04", "00_exercicios_02_-_04\00_exercicios_02_-_04.vcxproj", "{2F3115CE-8305-4CDC-826C-D88B990AEB3F}"
EndProject
Project("{8BC9CEB8-8B4A-11D0-8D11-00A0C91BC942}") = "00_exercicios_02_-_05", "00_exercicios_02_-_05\00_exercicios_02_-_05.vcxproj", "{37076225-2B67-461F-85EB-C34BB7308FFF}"
EndProject
Project("{2150E333-8FDC-42A3-9474-1A3956D46DE8}") = "00 exercicios", "00 exercicios", "{65749957-223C-4BB8-B8D8-9DE799A3EBD7}"
EndProject
Project("{2150E333-8FDC-42A3-9474-1A3956D46DE8}") = "aulas 01 - 04", "aulas 01 - 04", "{0B2FE798-7148-43B6-892F-45F07EF0D6A2}"
EndProject
Project("{8BC9CEB8-8B4A-11D0-8D11-00A0C91BC942}") = "05_01_camera_mvp_lookat_cube", "05_01_camera_mvp_lookat_cube\05_01_camera_mvp_lookat_cube.vcxproj", "{AD8FCAAB-D0DB-4DFA-B65E-0272400DDE3C}"
EndProject
Project("{8BC9CEB8-8B4A-11D0-8D11-00A0C91BC942}") = "05_02_camera_walk_around", "05_02_camera_walk_around\05_02_camera_walk_around.vcxproj", "{132A239D-1038-417A-BBFF-D10E1193D9CF}"
EndProject
Project("{8BC9CEB8-8B4A-11D0-8D11-00A0C91BC942}") = "05_03_camera_class_cube", "05_03_camera_class_cube\05_03_camera_look_around.vcxproj", "{DF11F324-EAE6-48A1-8E15-8EEB39A09DDB}"
EndProject
Project("{8BC9CEB8-8B4A-11D0-8D11-00A0C91BC942}") = "05_04_model_loading", "05_04_model_loading\05_04_model_loading.vcxproj", "{8C97EB33-2F8B-4A8E-B7B4-2F80A2EB19CC}"
EndProject
Project("{8BC9CEB8-8B4A-11D0-8D11-00A0C91BC942}") = "06_01_basic_lighting_diffuse", "06_01_basic_lighting_diffuse\06_01_basic_lighting_diffuse.vcxproj", "{6827CE40-5EC1-4B6A-AC29-08ECEC8A1EE8}"
EndProject
Project("{8BC9CEB8-8B4A-11D0-8D11-00A0C91BC942}") = "06_02_basic_lighting_specular", "06_02_basic_lighting_specular\06_02_basic_lighting_specular.vcxproj", "{843D5201-B2B9-473F-842D-FD3C01A1AE4A}"
EndProject
Project("{8BC9CEB8-8B4A-11D0-8D11-00A0C91BC942}") = "06_03_texture_mapping", "06_03_texture_mapping\06_03_texture_mapping.vcxproj", "{45533E03-2AD5-4E9C-B7D5-CD9DB81F1D4D}"
EndProject
Project("{8BC9CEB8-8B4A-11D0-8D11-00A0C91BC942}") = "07_01_lighting_maps_diffuse", "07_01_lighting_maps_diffuse_map\07_01_lighting_maps_diffuse_map.vcxproj", "{357E483B-117E-4DD9-96E3-BCF8885D2C40}"
EndProject
Project("{8BC9CEB8-8B4A-11D0-8D11-00A0C91BC942}") = "07_02__materials", "07_02_materials\07_02_materials.vcxproj", "{B78C333F-CEC7-4518-A515-0FB30B219DFD}"
EndProject
Project("{8BC9CEB8-8B4A-11D0-8D11-00A0C91BC942}") = "07_03__lighting_maps_specular", "07_03_lighting_maps_specular_map\07_03_lighting_maps_specular_map.vcxproj", "{139AA7C7-4D6D-4EAC-B82B-EE294322CE84}"
EndProject
Project("{8BC9CEB8-8B4A-11D0-8D11-00A0C91BC942}") = "00_exercicios_03_-_01", "00_exercicios_03_-_01\00_exercicios_03_-_01.vcxproj", "{4C530A4D-0BF1-4C36-A9B3-AE033BA0199F}"
EndProject
Project("{8BC9CEB8-8B4A-11D0-8D11-00A0C91BC942}") = "00_exercicios_03_-_02", "00_exercicios_03_-_02\00_exercicios_03_-_02.vcxproj", "{91C60B12-23D0-4360-9173-82DBA1E4F04E}"
EndProject
Project("{8BC9CEB8-8B4A-11D0-8D11-00A0C91BC942}") = "00_exercicios_03_-_03", "00_exercicios_03_-_03\00_exercicios_03_-_03.vcxproj", "{C94F2EDF-DCA0-40E4-B267-07DBC43DFE44}"
EndProject
Project("{8BC9CEB8-8B4A-11D0-8D11-00A0C91BC942}") = "00_exercicios_03_-_04", "00_exercicios_03_-_04\00_exercicios_03_-_04.vcxproj", "{AB87323F-BDA1-48BD-BC28-E9820C550D53}"
EndProject
Project("{2150E333-8FDC-42A3-9474-1A3956D46DE8}") = "aulas 05 - 07", "aulas 05 - 07", "{437D8543-0C77-46C5-B836-F1D818B04892}"
EndProject
Project("{8BC9CEB8-8B4A-11D0-8D11-00A0C91BC942}") = "00_exercicios_05", "00_exercicios_05\00_exercicios_05.vcxproj", "{15BE0540-C561-4FCF-AA34-C7BDFC234525}"
EndProject
Global
	GlobalSection(SolutionConfigurationPlatforms) = preSolution
		Debug|x64 = Debug|x64
		Debug|x86 = Debug|x86
		Release|x64 = Release|x64
		Release|x86 = Release|x86
	EndGlobalSection
	GlobalSection(ProjectConfigurationPlatforms) = postSolution
		{B43CAB0C-6A18-4254-887A-BA9388800BA3}.Debug|x64.ActiveCfg = Debug|x64
		{B43CAB0C-6A18-4254-887A-BA9388800BA3}.Debug|x64.Build.0 = Debug|x64
		{B43CAB0C-6A18-4254-887A-BA9388800BA3}.Debug|x86.ActiveCfg = Debug|Win32
		{B43CAB0C-6A18-4254-887A-BA9388800BA3}.Debug|x86.Build.0 = Debug|Win32
		{B43CAB0C-6A18-4254-887A-BA9388800BA3}.Release|x64.ActiveCfg = Release|x64
		{B43CAB0C-6A18-4254-887A-BA9388800BA3}.Release|x64.Build.0 = Release|x64
		{B43CAB0C-6A18-4254-887A-BA9388800BA3}.Release|x86.ActiveCfg = Release|Win32
		{B43CAB0C-6A18-4254-887A-BA9388800BA3}.Release|x86.Build.0 = Release|Win32
		{F9BBB096-682D-41E0-801C-EB012242AD9F}.Debug|x64.ActiveCfg = Debug|x64
		{F9BBB096-682D-41E0-801C-EB012242AD9F}.Debug|x64.Build.0 = Debug|x64
		{F9BBB096-682D-41E0-801C-EB012242AD9F}.Debug|x86.ActiveCfg = Debug|Win32
		{F9BBB096-682D-41E0-801C-EB012242AD9F}.Debug|x86.Build.0 = Debug|Win32
		{F9BBB096-682D-41E0-801C-EB012242AD9F}.Release|x64.ActiveCfg = Release|x64
		{F9BBB096-682D-41E0-801C-EB012242AD9F}.Release|x64.Build.0 = Release|x64
		{F9BBB096-682D-41E0-801C-EB012242AD9F}.Release|x86.ActiveCfg = Release|Win32
		{F9BBB096-682D-41E0-801C-EB012242AD9F}.Release|x86.Build.0 = Release|Win32
		{E658188F-080B-49C3-BAEB-E2B475AF0AA8}.Debug|x64.ActiveCfg = Debug|x64
		{E658188F-080B-49C3-BAEB-E2B475AF0AA8}.Debug|x64.Build.0 = Debug|x64
		{E658188F-080B-49C3-BAEB-E2B475AF0AA8}.Debug|x86.ActiveCfg = Debug|Win32
		{E658188F-080B-49C3-BAEB-E2B475AF0AA8}.Debug|x86.Build.0 = Debug|Win32
		{E658188F-080B-49C3-BAEB-E2B475AF0AA8}.Release|x64.ActiveCfg = Release|x64
		{E658188F-080B-49C3-BAEB-E2B475AF0AA8}.Release|x64.Build.0 = Release|x64
		{E658188F-080B-49C3-BAEB-E2B475AF0AA8}.Release|x86.ActiveCfg = Release|Win32
		{E658188F-080B-49C3-BAEB-E2B475AF0AA8}.Release|x86.Build.0 = Release|Win32
		{E8AD5C1D-BA16-4953-BDF9-565F66FA4100}.Debug|x64.ActiveCfg = Debug|x64
		{E8AD5C1D-BA16-4953-BDF9-565F66FA4100}.Debug|x64.Build.0 = Debug|x64
		{E8AD5C1D-BA16-4953-BDF9-565F66FA4100}.Debug|x86.ActiveCfg = Debug|Win32
		{E8AD5C1D-BA16-4953-BDF9-565F66FA4100}.Debug|x86.Build.0 = Debug|Win32
		{E8AD5C1D-BA16-4953-BDF9-565F66FA4100}.Release|x64.ActiveCfg = Release|x64
		{E8AD5C1D-BA16-4953-BDF9-565F66FA4100}.Release|x64.Build.0 = Release|x64
		{E8AD5C1D-BA16-4953-BDF9-565F66FA4100}.Release|x86.ActiveCfg = Release|Win32
		{E8AD5C1D-BA16-4953-BDF9-565F66FA4100}.Release|x86.Build.0 = Release|Win32
		{1D3962EF-7E8E-4C48-9604-178D7C95BBB3}.Debug|x64.ActiveCfg = Debug|x64
		{1D3962EF-7E8E-4C48-9604-178D7C95BBB3}.Debug|x64.Build.0 = Debug|x64
		{1D3962EF-7E8E-4C48-9604-178D7C95BBB3}.Debug|x86.ActiveCfg = Debug|Win32
		{1D3962EF-7E8E-4C48-9604-178D7C95BBB3}.Debug|x86.Build.0 = Debug|Win32
		{1D3962EF-7E8E-4C48-9604-178D7C95BBB3}.Release|x64.ActiveCfg = Release|x64
		{1D3962EF-7E8E-4C48-9604-178D7C95BBB3}.Release|x64.Build.0 = Release|x64
		{1D3962EF-7E8E-4C48-9604-178D7C95BBB3}.Release|x86.ActiveCfg = Release|Win32
		{1D3962EF-7E8E-4C48-9604-178D7C95BBB3}.Release|x86.Build.0 = Release|Win32
		{F8060243-4C3E-4C0B-B211-BFD4B48A3B29}.Debug|x64.ActiveCfg = Debug|x64
		{F8060243-4C3E-4C0B-B211-BFD4B48A3B29}.Debug|x64.Build.0 = Debug|x64
		{F8060243-4C3E-4C0B-B211-BFD4B48A3B29}.Debug|x86.ActiveCfg = Debug|Win32
		{F8060243-4C3E-4C0B-B211-BFD4B48A3B29}.Debug|x86.Build.0 = Debug|Win32
		{F8060243-4C3E-4C0B-B211-BFD4B48A3B29}.Release|x64.ActiveCfg = Release|x64
		{F8060243-4C3E-4C0B-B211-BFD4B48A3B29}.Release|x64.Build.0 = Release|x64
		{F8060243-4C3E-4C0B-B211-BFD4B48A3B29}.Release|x86.ActiveCfg = Release|Win32
		{F8060243-4C3E-4C0B-B211-BFD4B48A3B29}.Release|x86.Build.0 = Release|Win32
		{DCF67FD4-5E90-4369-BBB9-07DC3DED669C}.Debug|x64.ActiveCfg = Debug|x64
		{DCF67FD4-5E90-4369-BBB9-07DC3DED669C}.Debug|x64.Build.0 = Debug|x64
		{DCF67FD4-5E90-4369-BBB9-07DC3DED669C}.Debug|x86.ActiveCfg = Debug|Win32
		{DCF67FD4-5E90-4369-BBB9-07DC3DED669C}.Debug|x86.Build.0 = Debug|Win32
		{DCF67FD4-5E90-4369-BBB9-07DC3DED669C}.Release|x64.ActiveCfg = Release|x64
		{DCF67FD4-5E90-4369-BBB9-07DC3DED669C}.Release|x64.Build.0 = Release|x64
		{DCF67FD4-5E90-4369-BBB9-07DC3DED669C}.Release|x86.ActiveCfg = Release|Win32
		{DCF67FD4-5E90-4369-BBB9-07DC3DED669C}.Release|x86.Build.0 = Release|Win32
		{D155478F-574E-4F30-9F4A-3D8686B90785}.Debug|x64.ActiveCfg = Debug|x64
		{D155478F-574E-4F30-9F4A-3D8686B90785}.Debug|x64.Build.0 = Debug|x64
		{D155478F-574E-4F30-9F4A-3D8686B90785}.Debug|x86.ActiveCfg = Debug|Win32
		{D155478F-574E-4F30-9F4A-3D8686B90785}.Debug|x86.Build.0 = Debug|Win32
		{D155478F-574E-4F30-9F4A-3D8686B90785}.Release|x64.ActiveCfg = Release|x64
		{D155478F-574E-4F30-9F4A-3D8686B90785}.Release|x64.Build.0 = Release|x64
		{D155478F-574E-4F30-9F4A-3D8686B90785}.Release|x86.ActiveCfg = Release|Win32
		{D155478F-574E-4F30-9F4A-3D8686B90785}.Release|x86.Build.0 = Release|Win32
		{B03D24B6-8CD7-46D0-84AE-C80856DB3ADB}.Debug|x64.ActiveCfg = Debug|x64
		{B03D24B6-8CD7-46D0-84AE-C80856DB3ADB}.Debug|x64.Build.0 = Debug|x64
		{B03D24B6-8CD7-46D0-84AE-C80856DB3ADB}.Debug|x86.ActiveCfg = Debug|Win32
		{B03D24B6-8CD7-46D0-84AE-C80856DB3ADB}.Debug|x86.Build.0 = Debug|Win32
		{B03D24B6-8CD7-46D0-84AE-C80856DB3ADB}.Release|x64.ActiveCfg = Release|x64
		{B03D24B6-8CD7-46D0-84AE-C80856DB3ADB}.Release|x64.Build.0 = Release|x64
		{B03D24B6-8CD7-46D0-84AE-C80856DB3ADB}.Release|x86.ActiveCfg = Release|Win32
		{B03D24B6-8CD7-46D0-84AE-C80856DB3ADB}.Release|x86.Build.0 = Release|Win32
		{0AD0E7F8-54D9-4C13-9645-485A02A53FC5}.Debug|x64.ActiveCfg = Debug|x64
		{0AD0E7F8-54D9-4C13-9645-485A02A53FC5}.Debug|x64.Build.0 = Debug|x64
		{0AD0E7F8-54D9-4C13-9645-485A02A53FC5}.Debug|x86.ActiveCfg = Debug|Win32
		{0AD0E7F8-54D9-4C13-9645-485A02A53FC5}.Debug|x86.Build.0 = Debug|Win32
		{0AD0E7F8-54D9-4C13-9645-485A02A53FC5}.Release|x64.ActiveCfg = Release|x64
		{0AD0E7F8-54D9-4C13-9645-485A02A53FC5}.Release|x64.Build.0 = Release|x64
		{0AD0E7F8-54D9-4C13-9645-485A02A53FC5}.Release|x86.ActiveCfg = Release|Win32
		{0AD0E7F8-54D9-4C13-9645-485A02A53FC5}.Release|x86.Build.0 = Release|Win32
		{3E81D1A2-7C7A-4836-BA6C-1A03515D1779}.Debug|x64.ActiveCfg = Debug|x64
		{3E81D1A2-7C7A-4836-BA6C-1A03515D1779}.Debug|x64.Build.0 = Debug|x64
		{3E81D1A2-7C7A-4836-BA6C-1A03515D1779}.Debug|x86.ActiveCfg = Debug|Win32
		{3E81D1A2-7C7A-4836-BA6C-1A03515D1779}.Debug|x86.Build.0 = Debug|Win32
		{3E81D1A2-7C7A-4836-BA6C-1A03515D1779}.Release|x64.ActiveCfg = Release|x64
		{3E81D1A2-7C7A-4836-BA6C-1A03515D1779}.Release|x64.Build.0 = Release|x64
		{3E81D1A2-7C7A-4836-BA6C-1A03515D1779}.Release|x86.ActiveCfg = Release|Win32
		{3E81D1A2-7C7A-4836-BA6C-1A03515D1779}.Release|x86.Build.0 = Release|Win32
		{F87B4A8D-307E-4A13-A5BD-9D092F776D12}.Debug|x64.ActiveCfg = Debug|x64
		{F87B4A8D-307E-4A13-A5BD-9D092F776D12}.Debug|x64.Build.0 = Debug|x64
		{F87B4A8D-307E-4A13-A5BD-9D092F776D12}.Debug|x86.ActiveCfg = Debug|Win32
		{F87B4A8D-307E-4A13-A5BD-9D092F776D12}.Debug|x86.Build.0 = Debug|Win32
		{F87B4A8D-307E-4A13-A5BD-9D092F776D12}.Release|x64.ActiveCfg = Release|x64
		{F87B4A8D-307E-4A13-A5BD-9D092F776D12}.Release|x64.Build.0 = Release|x64
		{F87B4A8D-307E-4A13-A5BD-9D092F776D12}.Release|x86.ActiveCfg = Release|Win32
		{F87B4A8D-307E-4A13-A5BD-9D092F776D12}.Release|x86.Build.0 = Release|Win32
		{20CEFCCA-B8F8-4992-A35B-5ED253CB93AF}.Debug|x64.ActiveCfg = Debug|x64
		{20CEFCCA-B8F8-4992-A35B-5ED253CB93AF}.Debug|x64.Build.0 = Debug|x64
		{20CEFCCA-B8F8-4992-A35B-5ED253CB93AF}.Debug|x86.ActiveCfg = Debug|Win32
		{20CEFCCA-B8F8-4992-A35B-5ED253CB93AF}.Debug|x86.Build.0 = Debug|Win32
		{20CEFCCA-B8F8-4992-A35B-5ED253CB93AF}.Release|x64.ActiveCfg = Release|x64
		{20CEFCCA-B8F8-4992-A35B-5ED253CB93AF}.Release|x64.Build.0 = Release|x64
		{20CEFCCA-B8F8-4992-A35B-5ED253CB93AF}.Release|x86.ActiveCfg = Release|Win32
		{20CEFCCA-B8F8-4992-A35B-5ED253CB93AF}.Release|x86.Build.0 = Release|Win32
		{1FFA3392-4100-4BF8-BB4F-1AA79AAB85E4}.Debug|x64.ActiveCfg = Debug|x64
		{1FFA3392-4100-4BF8-BB4F-1AA79AAB85E4}.Debug|x64.Build.0 = Debug|x64
		{1FFA3392-4100-4BF8-BB4F-1AA79AAB85E4}.Debug|x86.ActiveCfg = Debug|Win32
		{1FFA3392-4100-4BF8-BB4F-1AA79AAB85E4}.Debug|x86.Build.0 = Debug|Win32
		{1FFA3392-4100-4BF8-BB4F-1AA79AAB85E4}.Release|x64.ActiveCfg = Release|x64
		{1FFA3392-4100-4BF8-BB4F-1AA79AAB85E4}.Release|x64.Build.0 = Release|x64
		{1FFA3392-4100-4BF8-BB4F-1AA79AAB85E4}.Release|x86.ActiveCfg = Release|Win32
		{1FFA3392-4100-4BF8-BB4F-1AA79AAB85E4}.Release|x86.Build.0 = Release|Win32
		{5551ECFF-5280-4C1D-88F1-81F87197F502}.Debug|x64.ActiveCfg = Debug|x64
		{5551ECFF-5280-4C1D-88F1-81F87197F502}.Debug|x64.Build.0 = Debug|x64
		{5551ECFF-5280-4C1D-88F1-81F87197F502}.Debug|x86.ActiveCfg = Debug|Win32
		{5551ECFF-5280-4C1D-88F1-81F87197F502}.Debug|x86.Build.0 = Debug|Win32
		{5551ECFF-5280-4C1D-88F1-81F87197F502}.Release|x64.ActiveCfg = Release|x64
		{5551ECFF-5280-4C1D-88F1-81F87197F502}.Release|x64.Build.0 = Release|x64
		{5551ECFF-5280-4C1D-88F1-81F87197F502}.Release|x86.ActiveCfg = Release|Win32
		{5551ECFF-5280-4C1D-88F1-81F87197F502}.Release|x86.Build.0 = Release|Win32
		{A0C66AE0-82EA-4925-8242-6CE8FC1B1BFB}.Debug|x64.ActiveCfg = Debug|x64
		{A0C66AE0-82EA-4925-8242-6CE8FC1B1BFB}.Debug|x64.Build.0 = Debug|x64
		{A0C66AE0-82EA-4925-8242-6CE8FC1B1BFB}.Debug|x86.ActiveCfg = Debug|Win32
		{A0C66AE0-82EA-4925-8242-6CE8FC1B1BFB}.Debug|x86.Build.0 = Debug|Win32
		{A0C66AE0-82EA-4925-8242-6CE8FC1B1BFB}.Release|x64.ActiveCfg = Release|x64
		{A0C66AE0-82EA-4925-8242-6CE8FC1B1BFB}.Release|x64.Build.0 = Release|x64
		{A0C66AE0-82EA-4925-8242-6CE8FC1B1BFB}.Release|x86.ActiveCfg = Release|Win32
		{A0C66AE0-82EA-4925-8242-6CE8FC1B1BFB}.Release|x86.Build.0 = Release|Win32
		{CDB7E3E7-3553-497B-9BAA-89C5A8C80089}.Debug|x64.ActiveCfg = Debug|x64
		{CDB7E3E7-3553-497B-9BAA-89C5A8C80089}.Debug|x64.Build.0 = Debug|x64
		{CDB7E3E7-3553-497B-9BAA-89C5A8C80089}.Debug|x86.ActiveCfg = Debug|Win32
		{CDB7E3E7-3553-497B-9BAA-89C5A8C80089}.Debug|x86.Build.0 = Debug|Win32
		{CDB7E3E7-3553-497B-9BAA-89C5A8C80089}.Release|x64.ActiveCfg = Release|x64
		{CDB7E3E7-3553-497B-9BAA-89C5A8C80089}.Release|x64.Build.0 = Release|x64
		{CDB7E3E7-3553-497B-9BAA-89C5A8C80089}.Release|x86.ActiveCfg = Release|Win32
		{CDB7E3E7-3553-497B-9BAA-89C5A8C80089}.Release|x86.Build.0 = Release|Win32
		{2F3115CE-8305-4CDC-826C-D88B990AEB3F}.Debug|x64.ActiveCfg = Debug|x64
		{2F3115CE-8305-4CDC-826C-D88B990AEB3F}.Debug|x64.Build.0 = Debug|x64
		{2F3115CE-8305-4CDC-826C-D88B990AEB3F}.Debug|x86.ActiveCfg = Debug|Win32
		{2F3115CE-8305-4CDC-826C-D88B990AEB3F}.Debug|x86.Build.0 = Debug|Win32
		{2F3115CE-8305-4CDC-826C-D88B990AEB3F}.Release|x64.ActiveCfg = Release|x64
		{2F3115CE-8305-4CDC-826C-D88B990AEB3F}.Release|x64.Build.0 = Release|x64
		{2F3115CE-8305-4CDC-826C-D88B990AEB3F}.Release|x86.ActiveCfg = Release|Win32
		{2F3115CE-8305-4CDC-826C-D88B990AEB3F}.Release|x86.Build.0 = Release|Win32
		{37076225-2B67-461F-85EB-C34BB7308FFF}.Debug|x64.ActiveCfg = Debug|x64
		{37076225-2B67-461F-85EB-C34BB7308FFF}.Debug|x64.Build.0 = Debug|x64
		{37076225-2B67-461F-85EB-C34BB7308FFF}.Debug|x86.ActiveCfg = Debug|Win32
		{37076225-2B67-461F-85EB-C34BB7308FFF}.Debug|x86.Build.0 = Debug|Win32
		{37076225-2B67-461F-85EB-C34BB7308FFF}.Release|x64.ActiveCfg = Release|x64
		{37076225-2B67-461F-85EB-C34BB7308FFF}.Release|x64.Build.0 = Release|x64
		{37076225-2B67-461F-85EB-C34BB7308FFF}.Release|x86.ActiveCfg = Release|Win32
		{37076225-2B67-461F-85EB-C34BB7308FFF}.Release|x86.Build.0 = Release|Win32
		{AD8FCAAB-D0DB-4DFA-B65E-0272400DDE3C}.Debug|x64.ActiveCfg = Debug|x64
		{AD8FCAAB-D0DB-4DFA-B65E-0272400DDE3C}.Debug|x64.Build.0 = Debug|x64
		{AD8FCAAB-D0DB-4DFA-B65E-0272400DDE3C}.Debug|x86.ActiveCfg = Debug|Win32
		{AD8FCAAB-D0DB-4DFA-B65E-0272400DDE3C}.Debug|x86.Build.0 = Debug|Win32
		{AD8FCAAB-D0DB-4DFA-B65E-0272400DDE3C}.Release|x64.ActiveCfg = Release|x64
		{AD8FCAAB-D0DB-4DFA-B65E-0272400DDE3C}.Release|x64.Build.0 = Release|x64
		{AD8FCAAB-D0DB-4DFA-B65E-0272400DDE3C}.Release|x86.ActiveCfg = Release|Win32
		{AD8FCAAB-D0DB-4DFA-B65E-0272400DDE3C}.Release|x86.Build.0 = Release|Win32
		{132A239D-1038-417A-BBFF-D10E1193D9CF}.Debug|x64.ActiveCfg = Debug|x64
		{132A239D-1038-417A-BBFF-D10E1193D9CF}.Debug|x64.Build.0 = Debug|x64
		{132A239D-1038-417A-BBFF-D10E1193D9CF}.Debug|x86.ActiveCfg = Debug|Win32
		{132A239D-1038-417A-BBFF-D10E1193D9CF}.Debug|x86.Build.0 = Debug|Win32
		{132A239D-1038-417A-BBFF-D10E1193D9CF}.Release|x64.ActiveCfg = Release|x64
		{132A239D-1038-417A-BBFF-D10E1193D9CF}.Release|x64.Build.0 = Release|x64
		{132A239D-1038-417A-BBFF-D10E1193D9CF}.Release|x86.ActiveCfg = Release|Win32
		{132A239D-1038-417A-BBFF-D10E1193D9CF}.Release|x86.Build.0 = Release|Win32
		{DF11F324-EAE6-48A1-8E15-8EEB39A09DDB}.Debug|x64.ActiveCfg = Debug|x64
		{DF11F324-EAE6-48A1-8E15-8EEB39A09DDB}.Debug|x64.Build.0 = Debug|x64
		{DF11F324-EAE6-48A1-8E15-8EEB39A09DDB}.Debug|x86.ActiveCfg = Debug|Win32
		{DF11F324-EAE6-48A1-8E15-8EEB39A09DDB}.Debug|x86.Build.0 = Debug|Win32
		{DF11F324-EAE6-48A1-8E15-8EEB39A09DDB}.Release|x64.ActiveCfg = Release|x64
		{DF11F324-EAE6-48A1-8E15-8EEB39A09DDB}.Release|x64.Build.0 = Release|x64
		{DF11F324-EAE6-48A1-8E15-8EEB39A09DDB}.Release|x86.ActiveCfg = Release|Win32
		{DF11F324-EAE6-48A1-8E15-8EEB39A09DDB}.Release|x86.Build.0 = Release|Win32
		{8C97EB33-2F8B-4A8E-B7B4-2F80A2EB19CC}.Debug|x64.ActiveCfg = Debug|x64
		{8C97EB33-2F8B-4A8E-B7B4-2F80A2EB19CC}.Debug|x64.Build.0 = Debug|x64
		{8C97EB33-2F8B-4A8E-B7B4-2F80A2EB19CC}.Debug|x86.ActiveCfg = Debug|Win32
		{8C97EB33-2F8B-4A8E-B7B4-2F80A2EB19CC}.Debug|x86.Build.0 = Debug|Win32
		{8C97EB33-2F8B-4A8E-B7B4-2F80A2EB19CC}.Release|x64.ActiveCfg = Release|x64
		{8C97EB33-2F8B-4A8E-B7B4-2F80A2EB19CC}.Release|x64.Build.0 = Release|x64
		{8C97EB33-2F8B-4A8E-B7B4-2F80A2EB19CC}.Release|x86.ActiveCfg = Release|Win32
		{8C97EB33-2F8B-4A8E-B7B4-2F80A2EB19CC}.Release|x86.Build.0 = Release|Win32
		{6827CE40-5EC1-4B6A-AC29-08ECEC8A1EE8}.Debug|x64.ActiveCfg = Debug|x64
		{6827CE40-5EC1-4B6A-AC29-08ECEC8A1EE8}.Debug|x64.Build.0 = Debug|x64
		{6827CE40-5EC1-4B6A-AC29-08ECEC8A1EE8}.Debug|x86.ActiveCfg = Debug|Win32
		{6827CE40-5EC1-4B6A-AC29-08ECEC8A1EE8}.Debug|x86.Build.0 = Debug|Win32
		{6827CE40-5EC1-4B6A-AC29-08ECEC8A1EE8}.Release|x64.ActiveCfg = Release|x64
		{6827CE40-5EC1-4B6A-AC29-08ECEC8A1EE8}.Release|x64.Build.0 = Release|x64
		{6827CE40-5EC1-4B6A-AC29-08ECEC8A1EE8}.Release|x86.ActiveCfg = Release|Win32
		{6827CE40-5EC1-4B6A-AC29-08ECEC8A1EE8}.Release|x86.Build.0 = Release|Win32
		{843D5201-B2B9-473F-842D-FD3C01A1AE4A}.Debug|x64.ActiveCfg = Debug|x64
		{843D5201-B2B9-473F-842D-FD3C01A1AE4A}.Debug|x64.Build.0 = Debug|x64
		{843D5201-B2B9-473F-842D-FD3C01A1AE4A}.Debug|x86.ActiveCfg = Debug|Win32
		{843D5201-B2B9-473F-842D-FD3C01A1AE4A}.Debug|x86.Build.0 = Debug|Win32
		{843D5201-B2B9-473F-842D-FD3C01A1AE4A}.Release|x64.ActiveCfg = Release|x64
		{843D5201-B2B9-473F-842D-FD3C01A1AE4A}.Release|x64.Build.0 = Release|x64
		{843D5201-B2B9-473F-842D-FD3C01A1AE4A}.Release|x86.ActiveCfg = Release|Win32
		{843D5201-B2B9-473F-842D-FD3C01A1AE4A}.Release|x86.Build.0 = Release|Win32
		{45533E03-2AD5-4E9C-B7D5-CD9DB81F1D4D}.Debug|x64.ActiveCfg = Debug|x64
		{45533E03-2AD5-4E9C-B7D5-CD9DB81F1D4D}.Debug|x64.Build.0 = Debug|x64
		{45533E03-2AD5-4E9C-B7D5-CD9DB81F1D4D}.Debug|x86.ActiveCfg = Debug|Win32
		{45533E03-2AD5-4E9C-B7D5-CD9DB81F1D4D}.Debug|x86.Build.0 = Debug|Win32
		{45533E03-2AD5-4E9C-B7D5-CD9DB81F1D4D}.Release|x64.ActiveCfg = Release|x64
		{45533E03-2AD5-4E9C-B7D5-CD9DB81F1D4D}.Release|x64.Build.0 = Release|x64
		{45533E03-2AD5-4E9C-B7D5-CD9DB81F1D4D}.Release|x86.ActiveCfg = Release|Win32
		{45533E03-2AD5-4E9C-B7D5-CD9DB81F1D4D}.Release|x86.Build.0 = Release|Win32
		{357E483B-117E-4DD9-96E3-BCF8885D2C40}.Debug|x64.ActiveCfg = Debug|x64
		{357E483B-117E-4DD9-96E3-BCF8885D2C40}.Debug|x64.Build.0 = Debug|x64
		{357E483B-117E-4DD9-96E3-BCF8885D2C40}.Debug|x86.ActiveCfg = Debug|Win32
		{357E483B-117E-4DD9-96E3-BCF8885D2C40}.Debug|x86.Build.0 = Debug|Win32
		{357E483B-117E-4DD9-96E3-BCF8885D2C40}.Release|x64.ActiveCfg = Release|x64
		{357E483B-117E-4DD9-96E3-BCF8885D2C40}.Release|x64.Build.0 = Release|x64
		{357E483B-117E-4DD9-96E3-BCF8885D2C40}.Release|x86.ActiveCfg = Release|Win32
		{357E483B-117E-4DD9-96E3-BCF8885D2C40}.Release|x86.Build.0 = Release|Win32
		{B78C333F-CEC7-4518-A515-0FB30B219DFD}.Debug|x64.ActiveCfg = Debug|x64
		{B78C333F-CEC7-4518-A515-0FB30B219DFD}.Debug|x64.Build.0 = Debug|x64
		{B78C333F-CEC7-4518-A515-0FB30B219DFD}.Debug|x86.ActiveCfg = Debug|Win32
		{B78C333F-CEC7-4518-A515-0FB30B219DFD}.Debug|x86.Build.0 = Debug|Win32
		{B78C333F-CEC7-4518-A515-0FB30B219DFD}.Release|x64.ActiveCfg = Release|x64
		{B78C333F-CEC7-4518-A515-0FB30B219DFD}.Release|x64.Build.0 = Release|x64
		{B78C333F-CEC7-4518-A515-0FB30B219DFD}.Release|x86.ActiveCfg = Release|Win32
		{B78C333F-CEC7-4518-A515-0FB30B219DFD}.Release|x86.Build.0 = Release|Win32
		{139AA7C7-4D6D-4EAC-B82B-EE294322CE84}.Debug|x64.ActiveCfg = Debug|x64
		{139AA7C7-4D6D-4EAC-B82B-EE294322CE84}.Debug|x64.Build.0 = Debug|x64
		{139AA7C7-4D6D-4EAC-B82B-EE294322CE84}.Debug|x86.ActiveCfg = Debug|Win32
		{139AA7C7-4D6D-4EAC-B82B-EE294322CE84}.Debug|x86.Build.0 = Debug|Win32
		{139AA7C7-4D6D-4EAC-B82B-EE294322CE84}.Release|x64.ActiveCfg = Release|x64
		{139AA7C7-4D6D-4EAC-B82B-EE294322CE84}.Release|x64.Build.0 = Release|x64
		{139AA7C7-4D6D-4EAC-B82B-EE294322CE84}.Release|x86.ActiveCfg = Release|Win32
		{139AA7C7-4D6D-4EAC-B82B-EE294322CE84}.Release|x86.Build.0 = Release|Win32
		{4C530A4D-0BF1-4C36-A9B3-AE033BA0199F}.Debug|x64.ActiveCfg = Debug|x64
		{4C530A4D-0BF1-4C36-A9B3-AE033BA0199F}.Debug|x64.Build.0 = Debug|x64
		{4C530A4D-0BF1-4C36-A9B3-AE033BA0199F}.Debug|x86.ActiveCfg = Debug|Win32
		{4C530A4D-0BF1-4C36-A9B3-AE033BA0199F}.Debug|x86.Build.0 = Debug|Win32
		{4C530A4D-0BF1-4C36-A9B3-AE033BA0199F}.Release|x64.ActiveCfg = Release|x64
		{4C530A4D-0BF1-4C36-A9B3-AE033BA0199F}.Release|x64.Build.0 = Release|x64
		{4C530A4D-0BF1-4C36-A9B3-AE033BA0199F}.Release|x86.ActiveCfg = Release|Win32
		{4C530A4D-0BF1-4C36-A9B3-AE033BA0199F}.Release|x86.Build.0 = Release|Win32
		{91C60B12-23D0-4360-9173-82DBA1E4F04E}.Debug|x64.ActiveCfg = Debug|x64
		{91C60B12-23D0-4360-9173-82DBA1E4F04E}.Debug|x64.Build.0 = Debug|x64
		{91C60B12-23D0-4360-9173-82DBA1E4F04E}.Debug|x86.ActiveCfg = Debug|Win32
		{91C60B12-23D0-4360-9173-82DBA1E4F04E}.Debug|x86.Build.0 = Debug|Win32
		{91C60B12-23D0-4360-9173-82DBA1E4F04E}.Release|x64.ActiveCfg = Release|x64
		{91C60B12-23D0-4360-9173-82DBA1E4F04E}.Release|x64.Build.0 = Release|x64
		{91C60B12-23D0-4360-9173-82DBA1E4F04E}.Release|x86.ActiveCfg = Release|Win32
		{91C60B12-23D0-4360-9173-82DBA1E4F04E}.Release|x86.Build.0 = Release|Win32
		{C94F2EDF-DCA0-40E4-B267-07DBC43DFE44}.Debug|x64.ActiveCfg = Debug|x64
		{C94F2EDF-DCA0-40E4-B267-07DBC43DFE44}.Debug|x64.Build.0 = Debug|x64
		{C94F2EDF-DCA0-40E4-B267-07DBC43DFE44}.Debug|x86.ActiveCfg = Debug|Win32
		{C94F2EDF-DCA0-40E4-B267-07DBC43DFE44}.Debug|x86.Build.0 = Debug|Win32
		{C94F2EDF-DCA0-40E4-B267-07DBC43DFE44}.Release|x64.ActiveCfg = Release|x64
		{C94F2EDF-DCA0-40E4-B267-07DBC43DFE44}.Release|x64.Build.0 = Release|x64
		{C94F2EDF-DCA0-40E4-B267-07DBC43DFE44}.Release|x86.ActiveCfg = Release|Win32
		{C94F2EDF-DCA0-40E4-B267-07DBC43DFE44}.Release|x86.Build.0 = Release|Win32
		{AB87323F-BDA1-48BD-BC28-E9820C550D53}.Debug|x64.ActiveCfg = Debug|x64
		{AB87323F-BDA1-48BD-BC28-E9820C550D53}.Debug|x64.Build.0 = Debug|x64
		{AB87323F-BDA1-48BD-BC28-E9820C550D53}.Debug|x86.ActiveCfg = Debug|Win32
		{AB87323F-BDA1-48BD-BC28-E9820C550D53}.Debug|x86.Build.0 = Debug|Win32
		{AB87323F-BDA1-48BD-BC28-E9820C550D53}.Release|x64.ActiveCfg = Release|x64
		{AB87323F-BDA1-48BD-BC28-E9820C550D53}.Release|x64.Build.0 = Release|x64
		{AB87323F-BDA1-48BD-BC28-E9820C550D53}.Release|x86.ActiveCfg = Release|Win32
		{AB87323F-BDA1-48BD-BC28-E9820C550D53}.Release|x86.Build.0 = Release|Win32
		{15BE0540-C561-4FCF-AA34-C7BDFC234525}.Debug|x64.ActiveCfg = Debug|x64
		{15BE0540-C561-4FCF-AA34-C7BDFC234525}.Debug|x64.Build.0 = Debug|x64
		{15BE0540-C561-4FCF-AA34-C7BDFC234525}.Debug|x86.ActiveCfg = Debug|Win32
		{15BE0540-C561-4FCF-AA34-C7BDFC234525}.Debug|x86.Build.0 = Debug|Win32
		{15BE0540-C561-4FCF-AA34-C7BDFC234525}.Release|x64.ActiveCfg = Release|x64
		{15BE0540-C561-4FCF-AA34-C7BDFC234525}.Release|x64.Build.0 = Release|x64
		{15BE0540-C561-4FCF-AA34-C7BDFC234525}.Release|x86.ActiveCfg = Release|Win32
		{15BE0540-C561-4FCF-AA34-C7BDFC234525}.Release|x86.Build.0 = Release|Win32
	EndGlobalSection
	GlobalSection(SolutionProperties) = preSolution
		HideSolutionNode = FALSE
	EndGlobalSection
	GlobalSection(NestedProjects) = preSolution
		{B43CAB0C-6A18-4254-887A-BA9388800BA3} = {0B2FE798-7148-43B6-892F-45F07EF0D6A2}
		{F9BBB096-682D-41E0-801C-EB012242AD9F} = {0B2FE798-7148-43B6-892F-45F07EF0D6A2}
		{E658188F-080B-49C3-BAEB-E2B475AF0AA8} = {0B2FE798-7148-43B6-892F-45F07EF0D6A2}
		{E8AD5C1D-BA16-4953-BDF9-565F66FA4100} = {0B2FE798-7148-43B6-892F-45F07EF0D6A2}
		{1D3962EF-7E8E-4C48-9604-178D7C95BBB3} = {0B2FE798-7148-43B6-892F-45F07EF0D6A2}
		{F8060243-4C3E-4C0B-B211-BFD4B48A3B29} = {0B2FE798-7148-43B6-892F-45F07EF0D6A2}
		{DCF67FD4-5E90-4369-BBB9-07DC3DED669C} = {0B2FE798-7148-43B6-892F-45F07EF0D6A2}
		{D155478F-574E-4F30-9F4A-3D8686B90785} = {65749957-223C-4BB8-B8D8-9DE799A3EBD7}
		{B03D24B6-8CD7-46D0-84AE-C80856DB3ADB} = {65749957-223C-4BB8-B8D8-9DE799A3EBD7}
		{0AD0E7F8-54D9-4C13-9645-485A02A53FC5} = {65749957-223C-4BB8-B8D8-9DE799A3EBD7}
		{3E81D1A2-7C7A-4836-BA6C-1A03515D1779} = {0B2FE798-7148-43B6-892F-45F07EF0D6A2}
		{F87B4A8D-307E-4A13-A5BD-9D092F776D12} = {0B2FE798-7148-43B6-892F-45F07EF0D6A2}
		{20CEFCCA-B8F8-4992-A35B-5ED253CB93AF} = {0B2FE798-7148-43B6-892F-45F07EF0D6A2}
		{1FFA3392-4100-4BF8-BB4F-1AA79AAB85E4} = {0B2FE798-7148-43B6-892F-45F07EF0D6A2}
		{5551ECFF-5280-4C1D-88F1-81F87197F502} = {0B2FE798-7148-43B6-892F-45F07EF0D6A2}
		{A0C66AE0-82EA-4925-8242-6CE8FC1B1BFB} = {65749957-223C-4BB8-B8D8-9DE799A3EBD7}
		{CDB7E3E7-3553-497B-9BAA-89C5A8C80089} = {65749957-223C-4BB8-B8D8-9DE799A3EBD7}
		{2F3115CE-8305-4CDC-826C-D88B990AEB3F} = {65749957-223C-4BB8-B8D8-9DE799A3EBD7}
		{37076225-2B67-461F-85EB-C34BB7308FFF} = {65749957-223C-4BB8-B8D8-9DE799A3EBD7}
		{AD8FCAAB-D0DB-4DFA-B65E-0272400DDE3C} = {437D8543-0C77-46C5-B836-F1D818B04892}
		{132A239D-1038-417A-BBFF-D10E1193D9CF} = {437D8543-0C77-46C5-B836-F1D818B04892}
		{DF11F324-EAE6-48A1-8E15-8EEB39A09DDB} = {437D8543-0C77-46C5-B836-F1D818B04892}
		{8C97EB33-2F8B-4A8E-B7B4-2F80A2EB19CC} = {437D8543-0C77-46C5-B836-F1D818B04892}
		{6827CE40-5EC1-4B6A-AC29-08ECEC8A1EE8} = {437D8543-0C77-46C5-B836-F1D818B04892}
		{843D5201-B2B9-473F-842D-FD3C01A1AE4A} = {437D8543-0C77-46C5-B836-F1D818B04892}
		{45533E03-2AD5-4E9C-B7D5-CD9DB81F1D4D} = {437D8543-0C77-46C5-B836-F1D818B04892}
		{357E483B-117E-4DD9-96E3-BCF8885D2C40} = {437D8543-0C77-46C5-B836-F1D818B04892}
		{B78C333F-CEC7-4518-A515-0FB30B219DFD} = {437D8543-0C77-46C5-B836-F1D818B04892}
		{139AA7C7-4D6D-4EAC-B82B-EE294322CE84} = {437D8543-0C77-46C5-B836-F1D818B04892}
		{4C530A4D-0BF1-4C36-A9B3-AE033BA0199F} = {65749957-223C-4BB8-B8D8-9DE799A3EBD7}
		{91C60B12-23D0-4360-9173-82DBA1E4F04E} = {65749957-223C-4BB8-B8D8-9DE799A3EBD7}
		{C94F2EDF-DCA0-40E4-B267-07DBC43DFE44} = {65749957-223C-4BB8-B8D8-9DE799A3EBD7}
		{AB87323F-BDA1-48BD-BC28-E9820C550D53} = {65749957-223C-4BB8-B8D8-9DE799A3EBD7}
		{15BE0540-C561-4FCF-AA34-C7BDFC234525} = {65749957-223C-4BB8-B8D8-9DE799A3EBD7}
	EndGlobalSection
	GlobalSection(ExtensibilityGlobals) = postSolution
		SolutionGuid = {9E0A12C7-6581-4C18-9D6A-BB914D8CDBD0}
	EndGlobalSection
EndGlobal
